PODS:
  - Alamofire (4.9.1)
  - Cosmos (23.0.0)
  - Kingfisher (5.15.8):
    - Kingfisher/Core (= 5.15.8)
  - Kingfisher/Core (5.15.8)
  - KingfisherWebP (1.0.0):
    - Kingfisher (~> 5.8)
    - libwebp (>= 0.5.0)
  - libwebp (1.2.0):
    - libwebp/demux (= 1.2.0)
    - libwebp/mux (= 1.2.0)
    - libwebp/webp (= 1.2.0)
  - libwebp/demux (1.2.0):
    - libwebp/webp
  - libwebp/mux (1.2.0):
    - libwebp/demux
  - libwebp/webp (1.2.0)
  - YDB2WAssets (1.3.1)
  - YDB2WComponents (1.3.10):
    - Cosmos
    - YDB2WAssets (~> 1.3.0)
    - YDB2WModels (~> 1.3.0)
    - YDExtensions (~> 1.3.0)
    - YDUtilities (~> 1.3.0)
  - YDB2WIntegration (1.3.4):
    - YDB2WModels (~> 1.3.0)
    - YDExtensions (~> 1.3.0)
  - YDB2WModels (1.3.12):
    - YDExtensions (~> 1.3.0)
    - YDUtilities (~> 1.3.0)
  - YDB2WServices (1.3.1):
    - Alamofire (~> 4.0)
    - YDB2WIntegration (~> 1.3.0)
    - YDB2WModels (~> 1.3.0)
  - YDExtensions (1.3.1):
    - Kingfisher (~> 5.0)
    - KingfisherWebP (= 1.0.0)
  - YDUtilities (1.3.0):
    - Alamofire (~> 4.0)

DEPENDENCIES:
  - YDB2WAssets (~> 1.3.0)
  - YDB2WComponents (~> 1.3.0)
  - YDB2WIntegration (~> 1.3.0)
  - YDB2WModels (~> 1.3.0)
  - YDB2WServices (~> 1.3.0)
  - YDExtensions (~> 1.3.0)
  - YDUtilities (~> 1.3.0)

SPEC REPOS:
  "git@github.com:Hennrich-Your-Dev/YourDev-Pods.git":
    - YDB2WAssets
    - YDB2WComponents
    - YDB2WIntegration
    - YDB2WModels
    - YDB2WServices
    - YDExtensions
    - YDUtilities
  trunk:
    - Alamofire
    - Cosmos
    - Kingfisher
    - KingfisherWebP
    - libwebp

SPEC CHECKSUMS:
  Alamofire: 85e8a02c69d6020a0d734f6054870d7ecb75cf18
  Cosmos: b5c6a9a637e28a061b54c8f8b1d8529d7d4db73f
  Kingfisher: a3c03d702433fa6cfedabb2bddbe076fb8f2e902
  KingfisherWebP: b1ed1dbc5e52547c5bf5f583dd5c46346f97320f
  libwebp: e90b9c01d99205d03b6bb8f2c8c415e5a4ef66f0
  YDB2WAssets: 264e08acb4a62f3f79ec5b920e0bdf3d45e57c43
  YDB2WComponents: 35e53f6e5729ec48aee342f0220cf9271f062099
  YDB2WIntegration: 884efe5ddf0412ffcb0d0defaa24e67f5eee2cdd
  YDB2WModels: 0b9f31379091679eb7605c0243c6ec0959393cb4
  YDB2WServices: 718e0edb2751206a37842fda207abe2f5c97f0b2
  YDExtensions: 7c52103615ceb945339af861e2c90516af926bf4
  YDUtilities: eece03b4133d2860eb9fb152a64a7e1358b01a35

PODFILE CHECKSUM: ae4d4a9b31991b51a13764ce8648a8d98a91193c

COCOAPODS: 1.10.1
