PODS:
  - Alamofire (4.9.1)
  - Cosmos (23.0.0)
  - Kingfisher (5.15.8):
    - Kingfisher/Core (= 5.15.8)
  - Kingfisher/Core (5.15.8)
  - KingfisherWebP (1.0.0):
    - Kingfisher (~> 5.8)
    - libwebp (>= 0.5.0)
  - libwebp (1.2.0):
    - libwebp/demux (= 1.2.0)
    - libwebp/mux (= 1.2.0)
    - libwebp/webp (= 1.2.0)
  - libwebp/demux (1.2.0):
    - libwebp/webp
  - libwebp/mux (1.2.0):
    - libwebp/demux
  - libwebp/webp (1.2.0)
  - YDB2WAssets (1.4.13)
  - YDB2WComponents (1.4.56):
    - Cosmos
    - YDB2WAssets (~> 1.4.0)
    - YDB2WModels (~> 1.4.0)
    - YDExtensions (~> 1.4.0)
    - YDUtilities (~> 1.4.0)
  - YDB2WIntegration (1.4.16):
    - YDB2WModels (~> 1.4.0)
    - YDExtensions (~> 1.4.0)
  - YDB2WModels (1.4.35):
    - YDExtensions (~> 1.4.0)
  - YDB2WServices (1.4.11):
    - Alamofire (~> 4.0)
    - YDB2WIntegration (~> 1.4.0)
    - YDB2WModels (~> 1.4.0)
    - YDUtilities (~> 1.4.0)
  - YDExtensions (1.4.3):
    - Kingfisher (~> 5.0)
    - KingfisherWebP (= 1.0.0)
  - YDUtilities (1.4.14):
    - Alamofire (~> 4.0)
    - YDB2WModels (~> 1.4.0)
    - YDExtensions (~> 1.4.0)

DEPENDENCIES:
  - YDB2WAssets (~> 1.4.0)
  - YDB2WComponents (~> 1.4.0)
  - YDB2WIntegration (~> 1.4.0)
  - YDB2WModels (~> 1.4.0)
  - YDB2WServices (~> 1.4.0)
  - YDExtensions (~> 1.4.0)
  - YDUtilities (~> 1.4.0)

SPEC REPOS:
  "git@github.com:Hennrich-Your-Dev/YourDev-Pods.git":
    - YDB2WAssets
    - YDB2WComponents
    - YDB2WIntegration
    - YDB2WModels
    - YDB2WServices
    - YDExtensions
    - YDUtilities
  trunk:
    - Alamofire
    - Cosmos
    - Kingfisher
    - KingfisherWebP
    - libwebp

SPEC CHECKSUMS:
  Alamofire: 85e8a02c69d6020a0d734f6054870d7ecb75cf18
  Cosmos: b5c6a9a637e28a061b54c8f8b1d8529d7d4db73f
  Kingfisher: a3c03d702433fa6cfedabb2bddbe076fb8f2e902
  KingfisherWebP: b1ed1dbc5e52547c5bf5f583dd5c46346f97320f
  libwebp: e90b9c01d99205d03b6bb8f2c8c415e5a4ef66f0
  YDB2WAssets: c29789c62215aaf97076ca50db9feeb1a411eba4
  YDB2WComponents: 00b75421bb055c6349e1b4d5cc01992d70b76864
  YDB2WIntegration: 07f3f02c0ac3b92c10c30b34c670e2d681db3942
  YDB2WModels: 18408e660d0d8947b2cf30581d05fd583dfd245d
  YDB2WServices: 9aacddb6e823c3361103693731c5c4c991723918
  YDExtensions: 9b216106fdbd2df346475187d6e06204afae1bc6
  YDUtilities: d148f437bfd62fcfe4ca2d297b00c6082bc7c1ac

PODFILE CHECKSUM: 36015b9b3a257539f63a105930ee4c92b4e664ec

COCOAPODS: 1.10.2
