// !$*UTF8*$!
{
	archiveVersion = 1;
	classes = {
	};
	objectVersion = 50;
	objects = {

/* Begin PBXBuildFile section */
		C1388B34261226F10070B128 /* NextLive.swift in Sources */ = {isa = PBXBuildFile; fileRef = C1388B33261226F10070B128 /* NextLive.swift */; };
		C1388B39261235130070B128 /* HomeViewController+Binds.swift in Sources */ = {isa = PBXBuildFile; fileRef = C1388B38261235130070B128 /* HomeViewController+Binds.swift */; };
		C16159C82610EA3A00CDF36C /* HomeViewController+TableView.swift in Sources */ = {isa = PBXBuildFile; fileRef = C16159C72610EA3A00CDF36C /* HomeViewController+TableView.swift */; };
		C18130162610248D00F0AEE7 /* LiveTableViewCell.swift in Sources */ = {isa = PBXBuildFile; fileRef = C18130152610248D00F0AEE7 /* LiveTableViewCell.swift */; };
		C18E49AA260BD4D6008A0ABD /* YDNextLives.h in Headers */ = {isa = PBXBuildFile; fileRef = C18E49A8260BD4D6008A0ABD /* YDNextLives.h */; settings = {ATTRIBUTES = (Public, ); }; };
		C18E49C3260BDC77008A0ABD /* YDNextLivesCoordinator.swift in Sources */ = {isa = PBXBuildFile; fileRef = C18E49C2260BDC77008A0ABD /* YDNextLivesCoordinator.swift */; };
		C18E49E4260BE392008A0ABD /* HomeViewController.swift in Sources */ = {isa = PBXBuildFile; fileRef = C18E49E3260BE392008A0ABD /* HomeViewController.swift */; };
		C18E49E9260BEB2C008A0ABD /* HomeViewModel.swift in Sources */ = {isa = PBXBuildFile; fileRef = C18E49E8260BEB2C008A0ABD /* HomeViewModel.swift */; };
		C18E4A11260C0E87008A0ABD /* HomeViewController+Layout.swift in Sources */ = {isa = PBXBuildFile; fileRef = C18E4A10260C0E87008A0ABD /* HomeViewController+Layout.swift */; };
		C1A5CC1C261508B600C5FE27 /* HomeViewController+EventKit.swift in Sources */ = {isa = PBXBuildFile; fileRef = C1A5CC1B261508B600C5FE27 /* HomeViewController+EventKit.swift */; };
		C1E0628626116BCA00738E6F /* LiveShimmerTableViewCell.swift in Sources */ = {isa = PBXBuildFile; fileRef = C1E0628526116BCA00738E6F /* LiveShimmerTableViewCell.swift */; };
		E6C643578A9CF0FD52520534 /* Pods_YDNextLives.framework in Frameworks */ = {isa = PBXBuildFile; fileRef = B221278DE017FA02D7E29B17 /* Pods_YDNextLives.framework */; };
/* End PBXBuildFile section */

/* Begin PBXFileReference section */
		AB0BD5CBE9F6AD9873CCED86 /* Pods-YDNextLives.debug.xcconfig */ = {isa = PBXFileReference; includeInIndex = 1; lastKnownFileType = text.xcconfig; name = "Pods-YDNextLives.debug.xcconfig"; path = "Target Support Files/Pods-YDNextLives/Pods-YDNextLives.debug.xcconfig"; sourceTree = "<group>"; };
		B221278DE017FA02D7E29B17 /* Pods_YDNextLives.framework */ = {isa = PBXFileReference; explicitFileType = wrapper.framework; includeInIndex = 0; path = Pods_YDNextLives.framework; sourceTree = BUILT_PRODUCTS_DIR; };
		B719B1FA460873954BBFFCF0 /* Pods-YDNextLives.release.xcconfig */ = {isa = PBXFileReference; includeInIndex = 1; lastKnownFileType = text.xcconfig; name = "Pods-YDNextLives.release.xcconfig"; path = "Target Support Files/Pods-YDNextLives/Pods-YDNextLives.release.xcconfig"; sourceTree = "<group>"; };
		C1388B33261226F10070B128 /* NextLive.swift */ = {isa = PBXFileReference; lastKnownFileType = sourcecode.swift; path = NextLive.swift; sourceTree = "<group>"; };
		C1388B38261235130070B128 /* HomeViewController+Binds.swift */ = {isa = PBXFileReference; lastKnownFileType = sourcecode.swift; path = "HomeViewController+Binds.swift"; sourceTree = "<group>"; };
		C16159C72610EA3A00CDF36C /* HomeViewController+TableView.swift */ = {isa = PBXFileReference; lastKnownFileType = sourcecode.swift; path = "HomeViewController+TableView.swift"; sourceTree = "<group>"; };
		C18130152610248D00F0AEE7 /* LiveTableViewCell.swift */ = {isa = PBXFileReference; lastKnownFileType = sourcecode.swift; path = LiveTableViewCell.swift; sourceTree = "<group>"; };
		C18E49A5260BD4D6008A0ABD /* YDNextLives.framework */ = {isa = PBXFileReference; explicitFileType = wrapper.framework; includeInIndex = 0; path = YDNextLives.framework; sourceTree = BUILT_PRODUCTS_DIR; };
		C18E49A8260BD4D6008A0ABD /* YDNextLives.h */ = {isa = PBXFileReference; lastKnownFileType = sourcecode.c.h; path = YDNextLives.h; sourceTree = "<group>"; };
		C18E49A9260BD4D6008A0ABD /* Info.plist */ = {isa = PBXFileReference; lastKnownFileType = text.plist.xml; path = Info.plist; sourceTree = "<group>"; };
		C18E49C2260BDC77008A0ABD /* YDNextLivesCoordinator.swift */ = {isa = PBXFileReference; lastKnownFileType = sourcecode.swift; path = YDNextLivesCoordinator.swift; sourceTree = "<group>"; };
		C18E49E3260BE392008A0ABD /* HomeViewController.swift */ = {isa = PBXFileReference; lastKnownFileType = sourcecode.swift; path = HomeViewController.swift; sourceTree = "<group>"; };
		C18E49E8260BEB2C008A0ABD /* HomeViewModel.swift */ = {isa = PBXFileReference; lastKnownFileType = sourcecode.swift; path = HomeViewModel.swift; sourceTree = "<group>"; };
		C18E4A10260C0E87008A0ABD /* HomeViewController+Layout.swift */ = {isa = PBXFileReference; lastKnownFileType = sourcecode.swift; path = "HomeViewController+Layout.swift"; sourceTree = "<group>"; };
		C1A5CC1B261508B600C5FE27 /* HomeViewController+EventKit.swift */ = {isa = PBXFileReference; lastKnownFileType = sourcecode.swift; path = "HomeViewController+EventKit.swift"; sourceTree = "<group>"; };
		C1E0628526116BCA00738E6F /* LiveShimmerTableViewCell.swift */ = {isa = PBXFileReference; lastKnownFileType = sourcecode.swift; path = LiveShimmerTableViewCell.swift; sourceTree = "<group>"; };
/* End PBXFileReference section */

/* Begin PBXFrameworksBuildPhase section */
		C18E49A2260BD4D6008A0ABD /* Frameworks */ = {
			isa = PBXFrameworksBuildPhase;
			buildActionMask = 2147483647;
			files = (
				E6C643578A9CF0FD52520534 /* Pods_YDNextLives.framework in Frameworks */,
			);
			runOnlyForDeploymentPostprocessing = 0;
		};
/* End PBXFrameworksBuildPhase section */

/* Begin PBXGroup section */
		50D9BD5F5FE86235BE0FBD2B /* Pods */ = {
			isa = PBXGroup;
			children = (
				AB0BD5CBE9F6AD9873CCED86 /* Pods-YDNextLives.debug.xcconfig */,
				B719B1FA460873954BBFFCF0 /* Pods-YDNextLives.release.xcconfig */,
			);
			path = Pods;
			sourceTree = "<group>";
		};
		C1388B322612269E0070B128 /* Model */ = {
			isa = PBXGroup;
			children = (
				C1388B33261226F10070B128 /* NextLive.swift */,
			);
			path = Model;
			sourceTree = "<group>";
		};
		C1388B37261234CC0070B128 /* Binds */ = {
			isa = PBXGroup;
			children = (
				C1388B38261235130070B128 /* HomeViewController+Binds.swift */,
			);
			path = Binds;
			sourceTree = "<group>";
		};
		C16159C52610E9BB00CDF36C /* Extensions */ = {
			isa = PBXGroup;
			children = (
				C1A5CC1A261508A400C5FE27 /* EventKit */,
				C1388B37261234CC0070B128 /* Binds */,
				C16159C62610E9C100CDF36C /* TableView */,
			);
			path = Extensions;
			sourceTree = "<group>";
		};
		C16159C62610E9C100CDF36C /* TableView */ = {
			isa = PBXGroup;
			children = (
				C16159C72610EA3A00CDF36C /* HomeViewController+TableView.swift */,
			);
			path = TableView;
			sourceTree = "<group>";
		};
		C18130132610241300F0AEE7 /* Extensions */ = {
			isa = PBXGroup;
			children = (
				C18130142610245100F0AEE7 /* Cell */,
			);
			path = Extensions;
			sourceTree = "<group>";
		};
		C18130142610245100F0AEE7 /* Cell */ = {
			isa = PBXGroup;
			children = (
				C18130152610248D00F0AEE7 /* LiveTableViewCell.swift */,
				C1E0628526116BCA00738E6F /* LiveShimmerTableViewCell.swift */,
			);
			path = Cell;
			sourceTree = "<group>";
		};
		C18E499B260BD4D6008A0ABD = {
			isa = PBXGroup;
			children = (
				C18E49A7260BD4D6008A0ABD /* YDNextLives */,
				C18E49A6260BD4D6008A0ABD /* Products */,
				50D9BD5F5FE86235BE0FBD2B /* Pods */,
				F154CA5FBC3B167ADDACACC2 /* Frameworks */,
			);
			sourceTree = "<group>";
		};
		C18E49A6260BD4D6008A0ABD /* Products */ = {
			isa = PBXGroup;
			children = (
				C18E49A5260BD4D6008A0ABD /* YDNextLives.framework */,
			);
			name = Products;
			sourceTree = "<group>";
		};
		C18E49A7260BD4D6008A0ABD /* YDNextLives */ = {
			isa = PBXGroup;
			children = (
				C18E49C1260BDC65008A0ABD /* Coordinator */,
				C1388B322612269E0070B128 /* Model */,
				C18E49E6260BEB10008A0ABD /* View */,
				C18E49E1260BE021008A0ABD /* ViewController */,
				C18E49E7260BEB14008A0ABD /* ViewModel */,
				C18E49A8260BD4D6008A0ABD /* YDNextLives.h */,
				C18E49A9260BD4D6008A0ABD /* Info.plist */,
			);
			path = YDNextLives;
			sourceTree = "<group>";
		};
		C18E49C1260BDC65008A0ABD /* Coordinator */ = {
			isa = PBXGroup;
			children = (
				C18E49C2260BDC77008A0ABD /* YDNextLivesCoordinator.swift */,
			);
			path = Coordinator;
			sourceTree = "<group>";
		};
		C18E49E1260BE021008A0ABD /* ViewController */ = {
			isa = PBXGroup;
			children = (
				C18E49E3260BE392008A0ABD /* HomeViewController.swift */,
				C16159C52610E9BB00CDF36C /* Extensions */,
			);
			path = ViewController;
			sourceTree = "<group>";
		};
		C18E49E6260BEB10008A0ABD /* View */ = {
			isa = PBXGroup;
			children = (
				C18E4A10260C0E87008A0ABD /* HomeViewController+Layout.swift */,
				C18130132610241300F0AEE7 /* Extensions */,
			);
			path = View;
			sourceTree = "<group>";
		};
		C18E49E7260BEB14008A0ABD /* ViewModel */ = {
			isa = PBXGroup;
			children = (
				C1A5CC15261505D100C5FE27 /* Extensions */,
				C18E49E8260BEB2C008A0ABD /* HomeViewModel.swift */,
			);
			path = ViewModel;
			sourceTree = "<group>";
		};
		C1A5CC15261505D100C5FE27 /* Extensions */ = {
			isa = PBXGroup;
			children = (
			);
			path = Extensions;
			sourceTree = "<group>";
		};
		C1A5CC1A261508A400C5FE27 /* EventKit */ = {
			isa = PBXGroup;
			children = (
				C1A5CC1B261508B600C5FE27 /* HomeViewController+EventKit.swift */,
			);
			path = EventKit;
			sourceTree = "<group>";
		};
		F154CA5FBC3B167ADDACACC2 /* Frameworks */ = {
			isa = PBXGroup;
			children = (
				B221278DE017FA02D7E29B17 /* Pods_YDNextLives.framework */,
			);
			name = Frameworks;
			sourceTree = "<group>";
		};
/* End PBXGroup section */

/* Begin PBXHeadersBuildPhase section */
		C18E49A0260BD4D6008A0ABD /* Headers */ = {
			isa = PBXHeadersBuildPhase;
			buildActionMask = 2147483647;
			files = (
				C18E49AA260BD4D6008A0ABD /* YDNextLives.h in Headers */,
			);
			runOnlyForDeploymentPostprocessing = 0;
		};
/* End PBXHeadersBuildPhase section */

/* Begin PBXNativeTarget section */
		C18E49A4260BD4D6008A0ABD /* YDNextLives */ = {
			isa = PBXNativeTarget;
			buildConfigurationList = C18E49AD260BD4D6008A0ABD /* Build configuration list for PBXNativeTarget "YDNextLives" */;
			buildPhases = (
				8F79507A28382D9A904605CF /* [CP] Check Pods Manifest.lock */,
				C18E49A0260BD4D6008A0ABD /* Headers */,
				C18E49A1260BD4D6008A0ABD /* Sources */,
				C18E49A2260BD4D6008A0ABD /* Frameworks */,
				C18E49A3260BD4D6008A0ABD /* Resources */,
				C16159AE2610C83300CDF36C /* SwiftLint */,
			);
			buildRules = (
			);
			dependencies = (
			);
			name = YDNextLives;
			productName = YDNextLives;
			productReference = C18E49A5260BD4D6008A0ABD /* YDNextLives.framework */;
			productType = "com.apple.product-type.framework";
		};
/* End PBXNativeTarget section */

/* Begin PBXProject section */
		C18E499C260BD4D6008A0ABD /* Project object */ = {
			isa = PBXProject;
			attributes = {
				LastUpgradeCheck = 1240;
				TargetAttributes = {
					C18E49A4260BD4D6008A0ABD = {
						CreatedOnToolsVersion = 12.4;
						LastSwiftMigration = 1240;
					};
				};
			};
			buildConfigurationList = C18E499F260BD4D6008A0ABD /* Build configuration list for PBXProject "YDNextLives" */;
			compatibilityVersion = "Xcode 9.3";
			developmentRegion = en;
			hasScannedForEncodings = 0;
			knownRegions = (
				en,
				Base,
			);
			mainGroup = C18E499B260BD4D6008A0ABD;
			productRefGroup = C18E49A6260BD4D6008A0ABD /* Products */;
			projectDirPath = "";
			projectRoot = "";
			targets = (
				C18E49A4260BD4D6008A0ABD /* YDNextLives */,
			);
		};
/* End PBXProject section */

/* Begin PBXResourcesBuildPhase section */
		C18E49A3260BD4D6008A0ABD /* Resources */ = {
			isa = PBXResourcesBuildPhase;
			buildActionMask = 2147483647;
			files = (
			);
			runOnlyForDeploymentPostprocessing = 0;
		};
/* End PBXResourcesBuildPhase section */

/* Begin PBXShellScriptBuildPhase section */
		8F79507A28382D9A904605CF /* [CP] Check Pods Manifest.lock */ = {
			isa = PBXShellScriptBuildPhase;
			buildActionMask = 2147483647;
			files = (
			);
			inputFileListPaths = (
			);
			inputPaths = (
				"${PODS_PODFILE_DIR_PATH}/Podfile.lock",
				"${PODS_ROOT}/Manifest.lock",
			);
			name = "[CP] Check Pods Manifest.lock";
			outputFileListPaths = (
			);
			outputPaths = (
				"$(DERIVED_FILE_DIR)/Pods-YDNextLives-checkManifestLockResult.txt",
			);
			runOnlyForDeploymentPostprocessing = 0;
			shellPath = /bin/sh;
			shellScript = "diff \"${PODS_PODFILE_DIR_PATH}/Podfile.lock\" \"${PODS_ROOT}/Manifest.lock\" > /dev/null\nif [ $? != 0 ] ; then\n    # print error to STDERR\n    echo \"error: The sandbox is not in sync with the Podfile.lock. Run 'pod install' or update your CocoaPods installation.\" >&2\n    exit 1\nfi\n# This output is used by Xcode 'outputs' to avoid re-running this script phase.\necho \"SUCCESS\" > \"${SCRIPT_OUTPUT_FILE_0}\"\n";
			showEnvVarsInLog = 0;
		};
		C16159AE2610C83300CDF36C /* SwiftLint */ = {
			isa = PBXShellScriptBuildPhase;
			buildActionMask = 2147483647;
			files = (
			);
			inputFileListPaths = (
			);
			inputPaths = (
			);
			name = SwiftLint;
			outputFileListPaths = (
			);
			outputPaths = (
			);
			runOnlyForDeploymentPostprocessing = 0;
			shellPath = /bin/sh;
			shellScript = "if [ -f ~/.com.raywenderlich.swiftlint.yml ]; then\n  if which swiftlint >/dev/null; then\n    swiftlint --config ~/.com.raywenderlich.swiftlint.yml\n  fi\nfi\n";
		};
/* End PBXShellScriptBuildPhase section */

/* Begin PBXSourcesBuildPhase section */
		C18E49A1260BD4D6008A0ABD /* Sources */ = {
			isa = PBXSourcesBuildPhase;
			buildActionMask = 2147483647;
			files = (
				C1A5CC1C261508B600C5FE27 /* HomeViewController+EventKit.swift in Sources */,
				C1388B34261226F10070B128 /* NextLive.swift in Sources */,
				C1388B39261235130070B128 /* HomeViewController+Binds.swift in Sources */,
				C16159C82610EA3A00CDF36C /* HomeViewController+TableView.swift in Sources */,
				C1E0628626116BCA00738E6F /* LiveShimmerTableViewCell.swift in Sources */,
				C18E49C3260BDC77008A0ABD /* YDNextLivesCoordinator.swift in Sources */,
				C18130162610248D00F0AEE7 /* LiveTableViewCell.swift in Sources */,
				C18E49E9260BEB2C008A0ABD /* HomeViewModel.swift in Sources */,
				C18E49E4260BE392008A0ABD /* HomeViewController.swift in Sources */,
				C18E4A11260C0E87008A0ABD /* HomeViewController+Layout.swift in Sources */,
			);
			runOnlyForDeploymentPostprocessing = 0;
		};
/* End PBXSourcesBuildPhase section */

/* Begin XCBuildConfiguration section */
		C18E49AB260BD4D6008A0ABD /* Debug */ = {
			isa = XCBuildConfiguration;
			buildSettings = {
				ALWAYS_SEARCH_USER_PATHS = NO;
				CLANG_ANALYZER_NONNULL = YES;
				CLANG_ANALYZER_NUMBER_OBJECT_CONVERSION = YES_AGGRESSIVE;
				CLANG_CXX_LANGUAGE_STANDARD = "gnu++14";
				CLANG_CXX_LIBRARY = "libc++";
				CLANG_ENABLE_MODULES = YES;
				CLANG_ENABLE_OBJC_ARC = YES;
				CLANG_ENABLE_OBJC_WEAK = YES;
				CLANG_WARN_BLOCK_CAPTURE_AUTORELEASING = YES;
				CLANG_WARN_BOOL_CONVERSION = YES;
				CLANG_WARN_COMMA = YES;
				CLANG_WARN_CONSTANT_CONVERSION = YES;
				CLANG_WARN_DEPRECATED_OBJC_IMPLEMENTATIONS = YES;
				CLANG_WARN_DIRECT_OBJC_ISA_USAGE = YES_ERROR;
				CLANG_WARN_DOCUMENTATION_COMMENTS = YES;
				CLANG_WARN_EMPTY_BODY = YES;
				CLANG_WARN_ENUM_CONVERSION = YES;
				CLANG_WARN_INFINITE_RECURSION = YES;
				CLANG_WARN_INT_CONVERSION = YES;
				CLANG_WARN_NON_LITERAL_NULL_CONVERSION = YES;
				CLANG_WARN_OBJC_IMPLICIT_RETAIN_SELF = YES;
				CLANG_WARN_OBJC_LITERAL_CONVERSION = YES;
				CLANG_WARN_OBJC_ROOT_CLASS = YES_ERROR;
				CLANG_WARN_QUOTED_INCLUDE_IN_FRAMEWORK_HEADER = YES;
				CLANG_WARN_RANGE_LOOP_ANALYSIS = YES;
				CLANG_WARN_STRICT_PROTOTYPES = YES;
				CLANG_WARN_SUSPICIOUS_MOVE = YES;
				CLANG_WARN_UNGUARDED_AVAILABILITY = YES_AGGRESSIVE;
				CLANG_WARN_UNREACHABLE_CODE = YES;
				CLANG_WARN__DUPLICATE_METHOD_MATCH = YES;
				COPY_PHASE_STRIP = NO;
				CURRENT_PROJECT_VERSION = 1;
				DEBUG_INFORMATION_FORMAT = dwarf;
				ENABLE_STRICT_OBJC_MSGSEND = YES;
				ENABLE_TESTABILITY = YES;
				GCC_C_LANGUAGE_STANDARD = gnu11;
				GCC_DYNAMIC_NO_PIC = NO;
				GCC_NO_COMMON_BLOCKS = YES;
				GCC_OPTIMIZATION_LEVEL = 0;
				GCC_PREPROCESSOR_DEFINITIONS = (
					"DEBUG=1",
					"$(inherited)",
				);
				GCC_WARN_64_TO_32_BIT_CONVERSION = YES;
				GCC_WARN_ABOUT_RETURN_TYPE = YES_ERROR;
				GCC_WARN_UNDECLARED_SELECTOR = YES;
				GCC_WARN_UNINITIALIZED_AUTOS = YES_AGGRESSIVE;
				GCC_WARN_UNUSED_FUNCTION = YES;
				GCC_WARN_UNUSED_VARIABLE = YES;
				IPHONEOS_DEPLOYMENT_TARGET = 14.4;
				MTL_ENABLE_DEBUG_INFO = INCLUDE_SOURCE;
				MTL_FAST_MATH = YES;
				ONLY_ACTIVE_ARCH = YES;
				SDKROOT = iphoneos;
				SWIFT_ACTIVE_COMPILATION_CONDITIONS = DEBUG;
				SWIFT_OPTIMIZATION_LEVEL = "-Onone";
				VERSIONING_SYSTEM = "apple-generic";
				VERSION_INFO_PREFIX = "";
			};
			name = Debug;
		};
		C18E49AC260BD4D6008A0ABD /* Release */ = {
			isa = XCBuildConfiguration;
			buildSettings = {
				ALWAYS_SEARCH_USER_PATHS = NO;
				CLANG_ANALYZER_NONNULL = YES;
				CLANG_ANALYZER_NUMBER_OBJECT_CONVERSION = YES_AGGRESSIVE;
				CLANG_CXX_LANGUAGE_STANDARD = "gnu++14";
				CLANG_CXX_LIBRARY = "libc++";
				CLANG_ENABLE_MODULES = YES;
				CLANG_ENABLE_OBJC_ARC = YES;
				CLANG_ENABLE_OBJC_WEAK = YES;
				CLANG_WARN_BLOCK_CAPTURE_AUTORELEASING = YES;
				CLANG_WARN_BOOL_CONVERSION = YES;
				CLANG_WARN_COMMA = YES;
				CLANG_WARN_CONSTANT_CONVERSION = YES;
				CLANG_WARN_DEPRECATED_OBJC_IMPLEMENTATIONS = YES;
				CLANG_WARN_DIRECT_OBJC_ISA_USAGE = YES_ERROR;
				CLANG_WARN_DOCUMENTATION_COMMENTS = YES;
				CLANG_WARN_EMPTY_BODY = YES;
				CLANG_WARN_ENUM_CONVERSION = YES;
				CLANG_WARN_INFINITE_RECURSION = YES;
				CLANG_WARN_INT_CONVERSION = YES;
				CLANG_WARN_NON_LITERAL_NULL_CONVERSION = YES;
				CLANG_WARN_OBJC_IMPLICIT_RETAIN_SELF = YES;
				CLANG_WARN_OBJC_LITERAL_CONVERSION = YES;
				CLANG_WARN_OBJC_ROOT_CLASS = YES_ERROR;
				CLANG_WARN_QUOTED_INCLUDE_IN_FRAMEWORK_HEADER = YES;
				CLANG_WARN_RANGE_LOOP_ANALYSIS = YES;
				CLANG_WARN_STRICT_PROTOTYPES = YES;
				CLANG_WARN_SUSPICIOUS_MOVE = YES;
				CLANG_WARN_UNGUARDED_AVAILABILITY = YES_AGGRESSIVE;
				CLANG_WARN_UNREACHABLE_CODE = YES;
				CLANG_WARN__DUPLICATE_METHOD_MATCH = YES;
				COPY_PHASE_STRIP = NO;
				CURRENT_PROJECT_VERSION = 1;
				DEBUG_INFORMATION_FORMAT = "dwarf-with-dsym";
				ENABLE_NS_ASSERTIONS = NO;
				ENABLE_STRICT_OBJC_MSGSEND = YES;
				GCC_C_LANGUAGE_STANDARD = gnu11;
				GCC_NO_COMMON_BLOCKS = YES;
				GCC_WARN_64_TO_32_BIT_CONVERSION = YES;
				GCC_WARN_ABOUT_RETURN_TYPE = YES_ERROR;
				GCC_WARN_UNDECLARED_SELECTOR = YES;
				GCC_WARN_UNINITIALIZED_AUTOS = YES_AGGRESSIVE;
				GCC_WARN_UNUSED_FUNCTION = YES;
				GCC_WARN_UNUSED_VARIABLE = YES;
				IPHONEOS_DEPLOYMENT_TARGET = 14.4;
				MTL_ENABLE_DEBUG_INFO = NO;
				MTL_FAST_MATH = YES;
				SDKROOT = iphoneos;
				SWIFT_COMPILATION_MODE = wholemodule;
				SWIFT_OPTIMIZATION_LEVEL = "-O";
				VALIDATE_PRODUCT = YES;
				VERSIONING_SYSTEM = "apple-generic";
				VERSION_INFO_PREFIX = "";
			};
			name = Release;
		};
		C18E49AE260BD4D6008A0ABD /* Debug */ = {
			isa = XCBuildConfiguration;
			baseConfigurationReference = AB0BD5CBE9F6AD9873CCED86 /* Pods-YDNextLives.debug.xcconfig */;
			buildSettings = {
				CLANG_ENABLE_MODULES = YES;
				CODE_SIGN_STYLE = Automatic;
				DEFINES_MODULE = YES;
				DYLIB_COMPATIBILITY_VERSION = 1;
				DYLIB_CURRENT_VERSION = 1;
				DYLIB_INSTALL_NAME_BASE = "@rpath";
				INFOPLIST_FILE = YDNextLives/Info.plist;
				INSTALL_PATH = "$(LOCAL_LIBRARY_DIR)/Frameworks";
				LD_RUNPATH_SEARCH_PATHS = (
					"$(inherited)",
					"@executable_path/Frameworks",
					"@loader_path/Frameworks",
				);
				PRODUCT_BUNDLE_IDENTIFIER = br.com.yourdev.b2w.YDNextLives;
				PRODUCT_NAME = "$(TARGET_NAME:c99extidentifier)";
				SKIP_INSTALL = YES;
				SWIFT_OPTIMIZATION_LEVEL = "-Onone";
				SWIFT_VERSION = 5.0;
				TARGETED_DEVICE_FAMILY = "1,2";
			};
			name = Debug;
		};
		C18E49AF260BD4D6008A0ABD /* Release */ = {
			isa = XCBuildConfiguration;
			baseConfigurationReference = B719B1FA460873954BBFFCF0 /* Pods-YDNextLives.release.xcconfig */;
			buildSettings = {
				CLANG_ENABLE_MODULES = YES;
				CODE_SIGN_STYLE = Automatic;
				DEFINES_MODULE = YES;
				DYLIB_COMPATIBILITY_VERSION = 1;
				DYLIB_CURRENT_VERSION = 1;
				DYLIB_INSTALL_NAME_BASE = "@rpath";
				INFOPLIST_FILE = YDNextLives/Info.plist;
				INSTALL_PATH = "$(LOCAL_LIBRARY_DIR)/Frameworks";
				LD_RUNPATH_SEARCH_PATHS = (
					"$(inherited)",
					"@executable_path/Frameworks",
					"@loader_path/Frameworks",
				);
				PRODUCT_BUNDLE_IDENTIFIER = br.com.yourdev.b2w.YDNextLives;
				PRODUCT_NAME = "$(TARGET_NAME:c99extidentifier)";
				SKIP_INSTALL = YES;
				SWIFT_VERSION = 5.0;
				TARGETED_DEVICE_FAMILY = "1,2";
			};
			name = Release;
		};
/* End XCBuildConfiguration section */

/* Begin XCConfigurationList section */
		C18E499F260BD4D6008A0ABD /* Build configuration list for PBXProject "YDNextLives" */ = {
			isa = XCConfigurationList;
			buildConfigurations = (
				C18E49AB260BD4D6008A0ABD /* Debug */,
				C18E49AC260BD4D6008A0ABD /* Release */,
			);
			defaultConfigurationIsVisible = 0;
			defaultConfigurationName = Release;
		};
		C18E49AD260BD4D6008A0ABD /* Build configuration list for PBXNativeTarget "YDNextLives" */ = {
			isa = XCConfigurationList;
			buildConfigurations = (
				C18E49AE260BD4D6008A0ABD /* Debug */,
				C18E49AF260BD4D6008A0ABD /* Release */,
			);
			defaultConfigurationIsVisible = 0;
			defaultConfigurationName = Release;
		};
/* End XCConfigurationList section */
	};
	rootObject = C18E499C260BD4D6008A0ABD /* Project object */;
}
